
Microsoft Visual Studio Solution File, Format Version 12.00
# Visual Studio Version 17
VisualStudioVersion = 17.1.32210.238
MinimumVisualStudioVersion = 10.0.40219.1
Project("{9A19103F-16F7-4668-BE54-9A1E7A4F7556}") = "CatQuest_Randomizer", "CatQuest_Randomizer\CatQuest_Randomizer.csproj", "{CB669DF9-9EF6-49E3-9F8A-EA28E2CB6D18}"
EndProject
Global
	GlobalSection(SolutionConfigurationPlatforms) = preSolution
		Debug|Any CPU = Debug|Any CPU
		Release|Any CPU = Release|Any CPU
	EndGlobalSection
	GlobalSection(ProjectConfigurationPlatforms) = postSolution
		{CB669DF9-9EF6-49E3-9F8A-EA28E2CB6D18}.Debug|Any CPU.ActiveCfg = Debug|Any CPU
		{CB669DF9-9EF6-49E3-9F8A-EA28E2CB6D18}.Debug|Any CPU.Build.0 = Debug|Any CPU
		{CB669DF9-9EF6-49E3-9F8A-EA28E2CB6D18}.Release|Any CPU.ActiveCfg = Release|Any CPU
		{CB669DF9-9EF6-49E3-9F8A-EA28E2CB6D18}.Release|Any CPU.Build.0 = Release|Any CPU
	EndGlobalSection
	GlobalSection(SolutionProperties) = preSolution
		HideSolutionNode = FALSE
	EndGlobalSection
	GlobalSection(ExtensibilityGlobals) = postSolution
		SolutionGuid = {382201D7-6118-4345-9358-A2137A865113}
	EndGlobalSection
EndGlobal
